
Microsoft Visual Studio Solution File, Format Version 12.00
# Visual Studio 15
VisualStudioVersion = 15.0.28307.329
MinimumVisualStudioVersion = 10.0.40219.1
Project("{FAE04EC0-301F-11D3-BF4B-00C04F79EFBC}") = "Abstraction", "Abstraction\Abstraction.csproj", "{23324D7F-433F-4F1E-9483-454E5595C28C}"
EndProject
Project("{FAE04EC0-301F-11D3-BF4B-00C04F79EFBC}") = "Abstraction_02", "Abstraction_02\Abstraction_02.csproj", "{5072141F-1573-4EA0-8287-37C97DBC1F47}"
EndProject
Project("{FAE04EC0-301F-11D3-BF4B-00C04F79EFBC}") = "Abstraction_03", "Abstraction_03\Abstraction_03.csproj", "{A5E0179C-85FF-410C-9D1F-F8830FE79AC6}"
EndProject
Project("{FAE04EC0-301F-11D3-BF4B-00C04F79EFBC}") = "Abstraction_04", "Abstraction_04\Abstraction_04.csproj", "{3996C90E-00B2-4EFA-B92C-8EAD32D47031}"
EndProject
Project("{FAE04EC0-301F-11D3-BF4B-00C04F79EFBC}") = "Abstraction_05", "Abstraction_05\Abstraction_05.csproj", "{8481EC61-F2AF-4530-ADA4-4EEF9BA870A1}"
EndProject
Global
	GlobalSection(SolutionConfigurationPlatforms) = preSolution
		Debug|Any CPU = Debug|Any CPU
		Release|Any CPU = Release|Any CPU
	EndGlobalSection
	GlobalSection(ProjectConfigurationPlatforms) = postSolution
		{23324D7F-433F-4F1E-9483-454E5595C28C}.Debug|Any CPU.ActiveCfg = Debug|Any CPU
		{23324D7F-433F-4F1E-9483-454E5595C28C}.Debug|Any CPU.Build.0 = Debug|Any CPU
		{23324D7F-433F-4F1E-9483-454E5595C28C}.Release|Any CPU.ActiveCfg = Release|Any CPU
		{23324D7F-433F-4F1E-9483-454E5595C28C}.Release|Any CPU.Build.0 = Release|Any CPU
		{5072141F-1573-4EA0-8287-37C97DBC1F47}.Debug|Any CPU.ActiveCfg = Debug|Any CPU
		{5072141F-1573-4EA0-8287-37C97DBC1F47}.Debug|Any CPU.Build.0 = Debug|Any CPU
		{5072141F-1573-4EA0-8287-37C97DBC1F47}.Release|Any CPU.ActiveCfg = Release|Any CPU
		{5072141F-1573-4EA0-8287-37C97DBC1F47}.Release|Any CPU.Build.0 = Release|Any CPU
		{A5E0179C-85FF-410C-9D1F-F8830FE79AC6}.Debug|Any CPU.ActiveCfg = Debug|Any CPU
		{A5E0179C-85FF-410C-9D1F-F8830FE79AC6}.Debug|Any CPU.Build.0 = Debug|Any CPU
		{A5E0179C-85FF-410C-9D1F-F8830FE79AC6}.Release|Any CPU.ActiveCfg = Release|Any CPU
		{A5E0179C-85FF-410C-9D1F-F8830FE79AC6}.Release|Any CPU.Build.0 = Release|Any CPU
		{3996C90E-00B2-4EFA-B92C-8EAD32D47031}.Debug|Any CPU.ActiveCfg = Debug|Any CPU
		{3996C90E-00B2-4EFA-B92C-8EAD32D47031}.Debug|Any CPU.Build.0 = Debug|Any CPU
		{3996C90E-00B2-4EFA-B92C-8EAD32D47031}.Release|Any CPU.ActiveCfg = Release|Any CPU
		{3996C90E-00B2-4EFA-B92C-8EAD32D47031}.Release|Any CPU.Build.0 = Release|Any CPU
		{8481EC61-F2AF-4530-ADA4-4EEF9BA870A1}.Debug|Any CPU.ActiveCfg = Debug|Any CPU
		{8481EC61-F2AF-4530-ADA4-4EEF9BA870A1}.Debug|Any CPU.Build.0 = Debug|Any CPU
		{8481EC61-F2AF-4530-ADA4-4EEF9BA870A1}.Release|Any CPU.ActiveCfg = Release|Any CPU
		{8481EC61-F2AF-4530-ADA4-4EEF9BA870A1}.Release|Any CPU.Build.0 = Release|Any CPU
	EndGlobalSection
	GlobalSection(SolutionProperties) = preSolution
		HideSolutionNode = FALSE
	EndGlobalSection
	GlobalSection(ExtensibilityGlobals) = postSolution
		SolutionGuid = {D9CA5616-B66F-4160-A12D-8EC5FD9941AC}
	EndGlobalSection
EndGlobal
